// !$*UTF8*$!
{
	archiveVersion = 1;
	classes = {
	};
	objectVersion = 46;
	objects = {

/* Begin PBXBuildFile section */
		590350DE1AD7B0E80069C82C /* UIViewController+Navigation.m in Sources */ = {isa = PBXBuildFile; fileRef = 590350DD1AD7B0E80069C82C /* UIViewController+Navigation.m */; };
		594581EF1AD6EEA300DBC667 /* DTCEverpobreBaseClass.m in Sources */ = {isa = PBXBuildFile; fileRef = 594581EE1AD6EEA300DBC667 /* DTCEverpobreBaseClass.m */; };
		594581F31AD724AB00DBC667 /* AGTCoreDataTableViewController.m in Sources */ = {isa = PBXBuildFile; fileRef = 594581F21AD724AB00DBC667 /* AGTCoreDataTableViewController.m */; };
		594581F61AD7260000DBC667 /* DTCNotebooksViewController.m in Sources */ = {isa = PBXBuildFile; fileRef = 594581F51AD7260000DBC667 /* DTCNotebooksViewController.m */; };
		5984E5D11AD6B88700C6BF5A /* AGTCoreDataStack.m in Sources */ = {isa = PBXBuildFile; fileRef = 5984E5D01AD6B88700C6BF5A /* AGTCoreDataStack.m */; };
		59D4959D1AD6C99C007C62A5 /* _DTCNote.m in Sources */ = {isa = PBXBuildFile; fileRef = 59D495921AD6C99C007C62A5 /* _DTCNote.m */; };
		59D4959E1AD6C99C007C62A5 /* _DTCNotebook.m in Sources */ = {isa = PBXBuildFile; fileRef = 59D495941AD6C99C007C62A5 /* _DTCNotebook.m */; };
		59D4959F1AD6C99C007C62A5 /* _DTCPhoto.m in Sources */ = {isa = PBXBuildFile; fileRef = 59D495961AD6C99C007C62A5 /* _DTCPhoto.m */; };
		59D495A01AD6C99C007C62A5 /* DTCNote.m in Sources */ = {isa = PBXBuildFile; fileRef = 59D495981AD6C99C007C62A5 /* DTCNote.m */; };
		59D495A11AD6C99C007C62A5 /* DTCNotebook.m in Sources */ = {isa = PBXBuildFile; fileRef = 59D4959A1AD6C99C007C62A5 /* DTCNotebook.m */; };
		59D495A21AD6C99C007C62A5 /* DTCPhoto.m in Sources */ = {isa = PBXBuildFile; fileRef = 59D4959C1AD6C99C007C62A5 /* DTCPhoto.m */; };
		59DA9EC61AD82496002A9B90 /* DTCNotesViewController.m in Sources */ = {isa = PBXBuildFile; fileRef = 59DA9EC51AD82496002A9B90 /* DTCNotesViewController.m */; };
		59FAC82C1AD69ACE00982271 /* main.m in Sources */ = {isa = PBXBuildFile; fileRef = 59FAC82B1AD69ACE00982271 /* main.m */; };
		59FAC82F1AD69ACE00982271 /* AppDelegate.m in Sources */ = {isa = PBXBuildFile; fileRef = 59FAC82E1AD69ACE00982271 /* AppDelegate.m */; };
		59FAC8311AD69ACE00982271 /* Images.xcassets in Resources */ = {isa = PBXBuildFile; fileRef = 59FAC8301AD69ACE00982271 /* Images.xcassets */; };
		59FAC8341AD69ACE00982271 /* LaunchScreen.xib in Resources */ = {isa = PBXBuildFile; fileRef = 59FAC8321AD69ACE00982271 /* LaunchScreen.xib */; };
		59FAC8401AD69ACE00982271 /* EverpobreTests.m in Sources */ = {isa = PBXBuildFile; fileRef = 59FAC83F1AD69ACE00982271 /* EverpobreTests.m */; };
		59FAC84B1AD69B0D00982271 /* Model.xcdatamodeld in Sources */ = {isa = PBXBuildFile; fileRef = 59FAC8491AD69B0D00982271 /* Model.xcdatamodeld */; };
/* End PBXBuildFile section */

/* Begin PBXContainerItemProxy section */
		59FAC83A1AD69ACE00982271 /* PBXContainerItemProxy */ = {
			isa = PBXContainerItemProxy;
			containerPortal = 59FAC81E1AD69ACE00982271 /* Project object */;
			proxyType = 1;
			remoteGlobalIDString = 59FAC8251AD69ACE00982271;
			remoteInfo = Everpobre;
		};
/* End PBXContainerItemProxy section */

/* Begin PBXFileReference section */
		590350DC1AD7B0E80069C82C /* UIViewController+Navigation.h */ = {isa = PBXFileReference; fileEncoding = 4; lastKnownFileType = sourcecode.c.h; path = "UIViewController+Navigation.h"; sourceTree = "<group>"; };
		590350DD1AD7B0E80069C82C /* UIViewController+Navigation.m */ = {isa = PBXFileReference; fileEncoding = 4; lastKnownFileType = sourcecode.c.objc; path = "UIViewController+Navigation.m"; sourceTree = "<group>"; };
		594581ED1AD6EEA300DBC667 /* DTCEverpobreBaseClass.h */ = {isa = PBXFileReference; fileEncoding = 4; lastKnownFileType = sourcecode.c.h; path = DTCEverpobreBaseClass.h; sourceTree = "<group>"; };
		594581EE1AD6EEA300DBC667 /* DTCEverpobreBaseClass.m */ = {isa = PBXFileReference; fileEncoding = 4; lastKnownFileType = sourcecode.c.objc; path = DTCEverpobreBaseClass.m; sourceTree = "<group>"; };
		594581F11AD724AB00DBC667 /* AGTCoreDataTableViewController.h */ = {isa = PBXFileReference; fileEncoding = 4; lastKnownFileType = sourcecode.c.h; path = AGTCoreDataTableViewController.h; sourceTree = "<group>"; };
		594581F21AD724AB00DBC667 /* AGTCoreDataTableViewController.m */ = {isa = PBXFileReference; fileEncoding = 4; lastKnownFileType = sourcecode.c.objc; path = AGTCoreDataTableViewController.m; sourceTree = "<group>"; };
		594581F41AD7260000DBC667 /* DTCNotebooksViewController.h */ = {isa = PBXFileReference; fileEncoding = 4; lastKnownFileType = sourcecode.c.h; path = DTCNotebooksViewController.h; sourceTree = "<group>"; };
		594581F51AD7260000DBC667 /* DTCNotebooksViewController.m */ = {isa = PBXFileReference; fileEncoding = 4; lastKnownFileType = sourcecode.c.objc; path = DTCNotebooksViewController.m; sourceTree = "<group>"; };
		5984E5CF1AD6B88700C6BF5A /* AGTCoreDataStack.h */ = {isa = PBXFileReference; fileEncoding = 4; lastKnownFileType = sourcecode.c.h; path = AGTCoreDataStack.h; sourceTree = "<group>"; };
		5984E5D01AD6B88700C6BF5A /* AGTCoreDataStack.m */ = {isa = PBXFileReference; fileEncoding = 4; lastKnownFileType = sourcecode.c.objc; path = AGTCoreDataStack.m; sourceTree = "<group>"; };
		59D495911AD6C99C007C62A5 /* _DTCNote.h */ = {isa = PBXFileReference; fileEncoding = 4; lastKnownFileType = sourcecode.c.h; path = _DTCNote.h; sourceTree = "<group>"; };
		59D495921AD6C99C007C62A5 /* _DTCNote.m */ = {isa = PBXFileReference; fileEncoding = 4; lastKnownFileType = sourcecode.c.objc; path = _DTCNote.m; sourceTree = "<group>"; };
		59D495931AD6C99C007C62A5 /* _DTCNotebook.h */ = {isa = PBXFileReference; fileEncoding = 4; lastKnownFileType = sourcecode.c.h; path = _DTCNotebook.h; sourceTree = "<group>"; };
		59D495941AD6C99C007C62A5 /* _DTCNotebook.m */ = {isa = PBXFileReference; fileEncoding = 4; lastKnownFileType = sourcecode.c.objc; path = _DTCNotebook.m; sourceTree = "<group>"; };
		59D495951AD6C99C007C62A5 /* _DTCPhoto.h */ = {isa = PBXFileReference; fileEncoding = 4; lastKnownFileType = sourcecode.c.h; path = _DTCPhoto.h; sourceTree = "<group>"; };
		59D495961AD6C99C007C62A5 /* _DTCPhoto.m */ = {isa = PBXFileReference; fileEncoding = 4; lastKnownFileType = sourcecode.c.objc; path = _DTCPhoto.m; sourceTree = "<group>"; };
		59D495971AD6C99C007C62A5 /* DTCNote.h */ = {isa = PBXFileReference; fileEncoding = 4; lastKnownFileType = sourcecode.c.h; path = DTCNote.h; sourceTree = "<group>"; };
		59D495981AD6C99C007C62A5 /* DTCNote.m */ = {isa = PBXFileReference; fileEncoding = 4; lastKnownFileType = sourcecode.c.objc; path = DTCNote.m; sourceTree = "<group>"; };
		59D495991AD6C99C007C62A5 /* DTCNotebook.h */ = {isa = PBXFileReference; fileEncoding = 4; lastKnownFileType = sourcecode.c.h; path = DTCNotebook.h; sourceTree = "<group>"; };
		59D4959A1AD6C99C007C62A5 /* DTCNotebook.m */ = {isa = PBXFileReference; fileEncoding = 4; lastKnownFileType = sourcecode.c.objc; path = DTCNotebook.m; sourceTree = "<group>"; };
		59D4959B1AD6C99C007C62A5 /* DTCPhoto.h */ = {isa = PBXFileReference; fileEncoding = 4; lastKnownFileType = sourcecode.c.h; path = DTCPhoto.h; sourceTree = "<group>"; };
		59D4959C1AD6C99C007C62A5 /* DTCPhoto.m */ = {isa = PBXFileReference; fileEncoding = 4; lastKnownFileType = sourcecode.c.objc; path = DTCPhoto.m; sourceTree = "<group>"; };
		59DA9EC41AD82496002A9B90 /* DTCNotesViewController.h */ = {isa = PBXFileReference; fileEncoding = 4; lastKnownFileType = sourcecode.c.h; path = DTCNotesViewController.h; sourceTree = "<group>"; };
		59DA9EC51AD82496002A9B90 /* DTCNotesViewController.m */ = {isa = PBXFileReference; fileEncoding = 4; lastKnownFileType = sourcecode.c.objc; path = DTCNotesViewController.m; sourceTree = "<group>"; };
		59DA9EC81AD83E8B002A9B90 /* Settings.h */ = {isa = PBXFileReference; fileEncoding = 4; lastKnownFileType = sourcecode.c.h; path = Settings.h; sourceTree = "<group>"; };
		59FAC8261AD69ACE00982271 /* Everpobre.app */ = {isa = PBXFileReference; explicitFileType = wrapper.application; includeInIndex = 0; path = Everpobre.app; sourceTree = BUILT_PRODUCTS_DIR; };
		59FAC82A1AD69ACE00982271 /* Info.plist */ = {isa = PBXFileReference; lastKnownFileType = text.plist.xml; path = Info.plist; sourceTree = "<group>"; };
		59FAC82B1AD69ACE00982271 /* main.m */ = {isa = PBXFileReference; lastKnownFileType = sourcecode.c.objc; path = main.m; sourceTree = "<group>"; };
		59FAC82D1AD69ACE00982271 /* AppDelegate.h */ = {isa = PBXFileReference; lastKnownFileType = sourcecode.c.h; path = AppDelegate.h; sourceTree = "<group>"; };
		59FAC82E1AD69ACE00982271 /* AppDelegate.m */ = {isa = PBXFileReference; lastKnownFileType = sourcecode.c.objc; path = AppDelegate.m; sourceTree = "<group>"; };
		59FAC8301AD69ACE00982271 /* Images.xcassets */ = {isa = PBXFileReference; lastKnownFileType = folder.assetcatalog; path = Images.xcassets; sourceTree = "<group>"; };
		59FAC8331AD69ACE00982271 /* Base */ = {isa = PBXFileReference; lastKnownFileType = file.xib; name = Base; path = Base.lproj/LaunchScreen.xib; sourceTree = "<group>"; };
		59FAC8391AD69ACE00982271 /* EverpobreTests.xctest */ = {isa = PBXFileReference; explicitFileType = wrapper.cfbundle; includeInIndex = 0; path = EverpobreTests.xctest; sourceTree = BUILT_PRODUCTS_DIR; };
		59FAC83E1AD69ACE00982271 /* Info.plist */ = {isa = PBXFileReference; lastKnownFileType = text.plist.xml; path = Info.plist; sourceTree = "<group>"; };
		59FAC83F1AD69ACE00982271 /* EverpobreTests.m */ = {isa = PBXFileReference; lastKnownFileType = sourcecode.c.objc; path = EverpobreTests.m; sourceTree = "<group>"; };
		59FAC84A1AD69B0D00982271 /* Model.xcdatamodel */ = {isa = PBXFileReference; lastKnownFileType = wrapper.xcdatamodel; path = Model.xcdatamodel; sourceTree = "<group>"; };
/* End PBXFileReference section */

/* Begin PBXFrameworksBuildPhase section */
		59FAC8231AD69ACE00982271 /* Frameworks */ = {
			isa = PBXFrameworksBuildPhase;
			buildActionMask = 2147483647;
			files = (
			);
			runOnlyForDeploymentPostprocessing = 0;
		};
		59FAC8361AD69ACE00982271 /* Frameworks */ = {
			isa = PBXFrameworksBuildPhase;
			buildActionMask = 2147483647;
			files = (
			);
			runOnlyForDeploymentPostprocessing = 0;
		};
/* End PBXFrameworksBuildPhase section */

/* Begin PBXGroup section */
		590350DB1AD7B0590069C82C /* Categories */ = {
			isa = PBXGroup;
			children = (
				590350DC1AD7B0E80069C82C /* UIViewController+Navigation.h */,
				590350DD1AD7B0E80069C82C /* UIViewController+Navigation.m */,
			);
			name = Categories;
			sourceTree = "<group>";
		};
		594581F01AD7247800DBC667 /* Controllers */ = {
			isa = PBXGroup;
			children = (
				594581F11AD724AB00DBC667 /* AGTCoreDataTableViewController.h */,
				594581F21AD724AB00DBC667 /* AGTCoreDataTableViewController.m */,
				594581F41AD7260000DBC667 /* DTCNotebooksViewController.h */,
				594581F51AD7260000DBC667 /* DTCNotebooksViewController.m */,
				59DA9EC41AD82496002A9B90 /* DTCNotesViewController.h */,
				59DA9EC51AD82496002A9B90 /* DTCNotesViewController.m */,
			);
			name = Controllers;
			sourceTree = "<group>";
		};
		59D495A31AD6C9AB007C62A5 /* Machine */ = {
			isa = PBXGroup;
			children = (
				59D495911AD6C99C007C62A5 /* _DTCNote.h */,
				59D495921AD6C99C007C62A5 /* _DTCNote.m */,
				59D495931AD6C99C007C62A5 /* _DTCNotebook.h */,
				59D495941AD6C99C007C62A5 /* _DTCNotebook.m */,
				59D495951AD6C99C007C62A5 /* _DTCPhoto.h */,
				59D495961AD6C99C007C62A5 /* _DTCPhoto.m */,
			);
			name = Machine;
			sourceTree = "<group>";
		};
		59FAC81D1AD69ACE00982271 = {
			isa = PBXGroup;
			children = (
				59FAC8281AD69ACE00982271 /* Everpobre */,
				59FAC83C1AD69ACE00982271 /* EverpobreTests */,
				59FAC8271AD69ACE00982271 /* Products */,
			);
			sourceTree = "<group>";
		};
		59FAC8271AD69ACE00982271 /* Products */ = {
			isa = PBXGroup;
			children = (
				59FAC8261AD69ACE00982271 /* Everpobre.app */,
				59FAC8391AD69ACE00982271 /* EverpobreTests.xctest */,
			);
			name = Products;
			sourceTree = "<group>";
		};
		59FAC8281AD69ACE00982271 /* Everpobre */ = {
			isa = PBXGroup;
			children = (
				590350DB1AD7B0590069C82C /* Categories */,
				594581F01AD7247800DBC667 /* Controllers */,
				59FAC84C1AD69BD700982271 /* Models */,
				59FAC82D1AD69ACE00982271 /* AppDelegate.h */,
				59FAC82E1AD69ACE00982271 /* AppDelegate.m */,
				59FAC8301AD69ACE00982271 /* Images.xcassets */,
				59FAC8321AD69ACE00982271 /* LaunchScreen.xib */,
				59FAC8291AD69ACE00982271 /* Supporting Files */,
				59DA9EC81AD83E8B002A9B90 /* Settings.h */,
			);
			path = Everpobre;
			sourceTree = "<group>";
		};
		59FAC8291AD69ACE00982271 /* Supporting Files */ = {
			isa = PBXGroup;
			children = (
				59FAC82A1AD69ACE00982271 /* Info.plist */,
				59FAC82B1AD69ACE00982271 /* main.m */,
			);
			name = "Supporting Files";
			sourceTree = "<group>";
		};
		59FAC83C1AD69ACE00982271 /* EverpobreTests */ = {
			isa = PBXGroup;
			children = (
				59FAC83F1AD69ACE00982271 /* EverpobreTests.m */,
				59FAC83D1AD69ACE00982271 /* Supporting Files */,
			);
			path = EverpobreTests;
			sourceTree = "<group>";
		};
		59FAC83D1AD69ACE00982271 /* Supporting Files */ = {
			isa = PBXGroup;
			children = (
				59FAC83E1AD69ACE00982271 /* Info.plist */,
			);
			name = "Supporting Files";
			sourceTree = "<group>";
		};
		59FAC84C1AD69BD700982271 /* Models */ = {
			isa = PBXGroup;
			children = (
				59D495A31AD6C9AB007C62A5 /* Machine */,
				59D495971AD6C99C007C62A5 /* DTCNote.h */,
				59D495981AD6C99C007C62A5 /* DTCNote.m */,
				59D495991AD6C99C007C62A5 /* DTCNotebook.h */,
				59D4959A1AD6C99C007C62A5 /* DTCNotebook.m */,
				59D4959B1AD6C99C007C62A5 /* DTCPhoto.h */,
				59D4959C1AD6C99C007C62A5 /* DTCPhoto.m */,
				5984E5CF1AD6B88700C6BF5A /* AGTCoreDataStack.h */,
				5984E5D01AD6B88700C6BF5A /* AGTCoreDataStack.m */,
				59FAC8491AD69B0D00982271 /* Model.xcdatamodeld */,
				594581ED1AD6EEA300DBC667 /* DTCEverpobreBaseClass.h */,
				594581EE1AD6EEA300DBC667 /* DTCEverpobreBaseClass.m */,
			);
			name = Models;
			sourceTree = "<group>";
		};
/* End PBXGroup section */

/* Begin PBXNativeTarget section */
		59FAC8251AD69ACE00982271 /* Everpobre */ = {
			isa = PBXNativeTarget;
			buildConfigurationList = 59FAC8431AD69ACE00982271 /* Build configuration list for PBXNativeTarget "Everpobre" */;
			buildPhases = (
				59FAC8221AD69ACE00982271 /* Sources */,
				59FAC8231AD69ACE00982271 /* Frameworks */,
				59FAC8241AD69ACE00982271 /* Resources */,
			);
			buildRules = (
			);
			dependencies = (
			);
			name = Everpobre;
			productName = Everpobre;
			productReference = 59FAC8261AD69ACE00982271 /* Everpobre.app */;
			productType = "com.apple.product-type.application";
		};
		59FAC8381AD69ACE00982271 /* EverpobreTests */ = {
			isa = PBXNativeTarget;
			buildConfigurationList = 59FAC8461AD69ACE00982271 /* Build configuration list for PBXNativeTarget "EverpobreTests" */;
			buildPhases = (
				59FAC8351AD69ACE00982271 /* Sources */,
				59FAC8361AD69ACE00982271 /* Frameworks */,
				59FAC8371AD69ACE00982271 /* Resources */,
			);
			buildRules = (
			);
			dependencies = (
				59FAC83B1AD69ACE00982271 /* PBXTargetDependency */,
			);
			name = EverpobreTests;
			productName = EverpobreTests;
			productReference = 59FAC8391AD69ACE00982271 /* EverpobreTests.xctest */;
			productType = "com.apple.product-type.bundle.unit-test";
		};
/* End PBXNativeTarget section */

/* Begin PBXProject section */
		59FAC81E1AD69ACE00982271 /* Project object */ = {
			isa = PBXProject;
			attributes = {
				LastUpgradeCheck = 0630;
				ORGANIZATIONNAME = "David de Tena";
				TargetAttributes = {
					59FAC8251AD69ACE00982271 = {
						CreatedOnToolsVersion = 6.3;
					};
					59FAC8381AD69ACE00982271 = {
						CreatedOnToolsVersion = 6.3;
						TestTargetID = 59FAC8251AD69ACE00982271;
					};
				};
			};
			buildConfigurationList = 59FAC8211AD69ACE00982271 /* Build configuration list for PBXProject "Everpobre" */;
			compatibilityVersion = "Xcode 3.2";
			developmentRegion = English;
			hasScannedForEncodings = 0;
			knownRegions = (
				en,
				Base,
			);
			mainGroup = 59FAC81D1AD69ACE00982271;
			productRefGroup = 59FAC8271AD69ACE00982271 /* Products */;
			projectDirPath = "";
			projectRoot = "";
			targets = (
				59FAC8251AD69ACE00982271 /* Everpobre */,
				59FAC8381AD69ACE00982271 /* EverpobreTests */,
			);
		};
/* End PBXProject section */

/* Begin PBXResourcesBuildPhase section */
		59FAC8241AD69ACE00982271 /* Resources */ = {
			isa = PBXResourcesBuildPhase;
			buildActionMask = 2147483647;
			files = (
				59FAC8341AD69ACE00982271 /* LaunchScreen.xib in Resources */,
				59FAC8311AD69ACE00982271 /* Images.xcassets in Resources */,
			);
			runOnlyForDeploymentPostprocessing = 0;
		};
		59FAC8371AD69ACE00982271 /* Resources */ = {
			isa = PBXResourcesBuildPhase;
			buildActionMask = 2147483647;
			files = (
			);
			runOnlyForDeploymentPostprocessing = 0;
		};
/* End PBXResourcesBuildPhase section */

/* Begin PBXSourcesBuildPhase section */
		59FAC8221AD69ACE00982271 /* Sources */ = {
			isa = PBXSourcesBuildPhase;
			buildActionMask = 2147483647;
			files = (
				594581EF1AD6EEA300DBC667 /* DTCEverpobreBaseClass.m in Sources */,
				59DA9EC61AD82496002A9B90 /* DTCNotesViewController.m in Sources */,
				59D4959F1AD6C99C007C62A5 /* _DTCPhoto.m in Sources */,
				594581F31AD724AB00DBC667 /* AGTCoreDataTableViewController.m in Sources */,
				59D4959E1AD6C99C007C62A5 /* _DTCNotebook.m in Sources */,
				590350DE1AD7B0E80069C82C /* UIViewController+Navigation.m in Sources */,
				59D495A21AD6C99C007C62A5 /* DTCPhoto.m in Sources */,
				59FAC82F1AD69ACE00982271 /* AppDelegate.m in Sources */,
				59D4959D1AD6C99C007C62A5 /* _DTCNote.m in Sources */,
				59FAC82C1AD69ACE00982271 /* main.m in Sources */,
				59D495A01AD6C99C007C62A5 /* DTCNote.m in Sources */,
				59D495A11AD6C99C007C62A5 /* DTCNotebook.m in Sources */,
				5984E5D11AD6B88700C6BF5A /* AGTCoreDataStack.m in Sources */,
				594581F61AD7260000DBC667 /* DTCNotebooksViewController.m in Sources */,
				59FAC84B1AD69B0D00982271 /* Model.xcdatamodeld in Sources */,
			);
			runOnlyForDeploymentPostprocessing = 0;
		};
		59FAC8351AD69ACE00982271 /* Sources */ = {
			isa = PBXSourcesBuildPhase;
			buildActionMask = 2147483647;
			files = (
				59FAC8401AD69ACE00982271 /* EverpobreTests.m in Sources */,
			);
			runOnlyForDeploymentPostprocessing = 0;
		};
/* End PBXSourcesBuildPhase section */

/* Begin PBXTargetDependency section */
		59FAC83B1AD69ACE00982271 /* PBXTargetDependency */ = {
			isa = PBXTargetDependency;
			target = 59FAC8251AD69ACE00982271 /* Everpobre */;
			targetProxy = 59FAC83A1AD69ACE00982271 /* PBXContainerItemProxy */;
		};
/* End PBXTargetDependency section */

/* Begin PBXVariantGroup section */
		59FAC8321AD69ACE00982271 /* LaunchScreen.xib */ = {
			isa = PBXVariantGroup;
			children = (
				59FAC8331AD69ACE00982271 /* Base */,
			);
			name = LaunchScreen.xib;
			sourceTree = "<group>";
		};
/* End PBXVariantGroup section */

/* Begin XCBuildConfiguration section */
		59FAC8411AD69ACE00982271 /* Debug */ = {
			isa = XCBuildConfiguration;
			buildSettings = {
				ALWAYS_SEARCH_USER_PATHS = NO;
				CLANG_CXX_LANGUAGE_STANDARD = "gnu++0x";
				CLANG_CXX_LIBRARY = "libc++";
				CLANG_ENABLE_MODULES = YES;
				CLANG_ENABLE_OBJC_ARC = YES;
				CLANG_WARN_BOOL_CONVERSION = YES;
				CLANG_WARN_CONSTANT_CONVERSION = YES;
				CLANG_WARN_DIRECT_OBJC_ISA_USAGE = YES_ERROR;
				CLANG_WARN_EMPTY_BODY = YES;
				CLANG_WARN_ENUM_CONVERSION = YES;
				CLANG_WARN_INT_CONVERSION = YES;
				CLANG_WARN_OBJC_ROOT_CLASS = YES_ERROR;
				CLANG_WARN_UNREACHABLE_CODE = YES;
				CLANG_WARN__DUPLICATE_METHOD_MATCH = YES;
				"CODE_SIGN_IDENTITY[sdk=iphoneos*]" = "iPhone Developer";
				COPY_PHASE_STRIP = NO;
				DEBUG_INFORMATION_FORMAT = "dwarf-with-dsym";
				ENABLE_STRICT_OBJC_MSGSEND = YES;
				GCC_C_LANGUAGE_STANDARD = gnu99;
				GCC_DYNAMIC_NO_PIC = NO;
				GCC_NO_COMMON_BLOCKS = YES;
				GCC_OPTIMIZATION_LEVEL = 0;
				GCC_PREPROCESSOR_DEFINITIONS = (
					"DEBUG=1",
					"$(inherited)",
				);
				GCC_SYMBOLS_PRIVATE_EXTERN = NO;
				GCC_WARN_64_TO_32_BIT_CONVERSION = YES;
				GCC_WARN_ABOUT_RETURN_TYPE = YES_ERROR;
				GCC_WARN_UNDECLARED_SELECTOR = YES;
				GCC_WARN_UNINITIALIZED_AUTOS = YES_AGGRESSIVE;
				GCC_WARN_UNUSED_FUNCTION = YES;
				GCC_WARN_UNUSED_VARIABLE = YES;
				IPHONEOS_DEPLOYMENT_TARGET = 8.3;
				MTL_ENABLE_DEBUG_INFO = YES;
				ONLY_ACTIVE_ARCH = YES;
				SDKROOT = iphoneos;
			};
			name = Debug;
		};
		59FAC8421AD69ACE00982271 /* Release */ = {
			isa = XCBuildConfiguration;
			buildSettings = {
				ALWAYS_SEARCH_USER_PATHS = NO;
				CLANG_CXX_LANGUAGE_STANDARD = "gnu++0x";
				CLANG_CXX_LIBRARY = "libc++";
				CLANG_ENABLE_MODULES = YES;
				CLANG_ENABLE_OBJC_ARC = YES;
				CLANG_WARN_BOOL_CONVERSION = YES;
				CLANG_WARN_CONSTANT_CONVERSION = YES;
				CLANG_WARN_DIRECT_OBJC_ISA_USAGE = YES_ERROR;
				CLANG_WARN_EMPTY_BODY = YES;
				CLANG_WARN_ENUM_CONVERSION = YES;
				CLANG_WARN_INT_CONVERSION = YES;
				CLANG_WARN_OBJC_ROOT_CLASS = YES_ERROR;
				CLANG_WARN_UNREACHABLE_CODE = YES;
				CLANG_WARN__DUPLICATE_METHOD_MATCH = YES;
				"CODE_SIGN_IDENTITY[sdk=iphoneos*]" = "iPhone Developer";
				COPY_PHASE_STRIP = NO;
				DEBUG_INFORMATION_FORMAT = "dwarf-with-dsym";
				ENABLE_NS_ASSERTIONS = NO;
				ENABLE_STRICT_OBJC_MSGSEND = YES;
				GCC_C_LANGUAGE_STANDARD = gnu99;
				GCC_NO_COMMON_BLOCKS = YES;
				GCC_WARN_64_TO_32_BIT_CONVERSION = YES;
				GCC_WARN_ABOUT_RETURN_TYPE = YES_ERROR;
				GCC_WARN_UNDECLARED_SELECTOR = YES;
				GCC_WARN_UNINITIALIZED_AUTOS = YES_AGGRESSIVE;
				GCC_WARN_UNUSED_FUNCTION = YES;
				GCC_WARN_UNUSED_VARIABLE = YES;
				IPHONEOS_DEPLOYMENT_TARGET = 8.3;
				MTL_ENABLE_DEBUG_INFO = NO;
				SDKROOT = iphoneos;
				VALIDATE_PRODUCT = YES;
			};
			name = Release;
		};
		59FAC8441AD69ACE00982271 /* Debug */ = {
			isa = XCBuildConfiguration;
			buildSettings = {
				ASSETCATALOG_COMPILER_APPICON_NAME = AppIcon;
				INFOPLIST_FILE = Everpobre/Info.plist;
				LD_RUNPATH_SEARCH_PATHS = "$(inherited) @executable_path/Frameworks";
				PRODUCT_NAME = "$(TARGET_NAME)";
			};
			name = Debug;
		};
		59FAC8451AD69ACE00982271 /* Release */ = {
			isa = XCBuildConfiguration;
			buildSettings = {
				ASSETCATALOG_COMPILER_APPICON_NAME = AppIcon;
				INFOPLIST_FILE = Everpobre/Info.plist;
				LD_RUNPATH_SEARCH_PATHS = "$(inherited) @executable_path/Frameworks";
				PRODUCT_NAME = "$(TARGET_NAME)";
			};
			name = Release;
		};
		59FAC8471AD69ACE00982271 /* Debug */ = {
			isa = XCBuildConfiguration;
			buildSettings = {
				BUNDLE_LOADER = "$(TEST_HOST)";
				FRAMEWORK_SEARCH_PATHS = (
					"$(SDKROOT)/Developer/Library/Frameworks",
					"$(inherited)",
				);
				GCC_PREPROCESSOR_DEFINITIONS = (
					"DEBUG=1",
					"$(inherited)",
				);
				INFOPLIST_FILE = EverpobreTests/Info.plist;
				LD_RUNPATH_SEARCH_PATHS = "$(inherited) @executable_path/Frameworks @loader_path/Frameworks";
				PRODUCT_NAME = "$(TARGET_NAME)";
				TEST_HOST = "$(BUILT_PRODUCTS_DIR)/Everpobre.app/Everpobre";
			};
			name = Debug;
		};
		59FAC8481AD69ACE00982271 /* Release */ = {
			isa = XCBuildConfiguration;
			buildSettings = {
				BUNDLE_LOADER = "$(TEST_HOST)";
				FRAMEWORK_SEARCH_PATHS = (
					"$(SDKROOT)/Developer/Library/Frameworks",
					"$(inherited)",
				);
				INFOPLIST_FILE = EverpobreTests/Info.plist;
				LD_RUNPATH_SEARCH_PATHS = "$(inherited) @executable_path/Frameworks @loader_path/Frameworks";
				PRODUCT_NAME = "$(TARGET_NAME)";
				TEST_HOST = "$(BUILT_PRODUCTS_DIR)/Everpobre.app/Everpobre";
			};
			name = Release;
		};
/* End XCBuildConfiguration section */

/* Begin XCConfigurationList section */
		59FAC8211AD69ACE00982271 /* Build configuration list for PBXProject "Everpobre" */ = {
			isa = XCConfigurationList;
			buildConfigurations = (
				59FAC8411AD69ACE00982271 /* Debug */,
				59FAC8421AD69ACE00982271 /* Release */,
			);
			defaultConfigurationIsVisible = 0;
			defaultConfigurationName = Release;
		};
		59FAC8431AD69ACE00982271 /* Build configuration list for PBXNativeTarget "Everpobre" */ = {
			isa = XCConfigurationList;
			buildConfigurations = (
				59FAC8441AD69ACE00982271 /* Debug */,
				59FAC8451AD69ACE00982271 /* Release */,
			);
			defaultConfigurationIsVisible = 0;
			defaultConfigurationName = Release;
		};
		59FAC8461AD69ACE00982271 /* Build configuration list for PBXNativeTarget "EverpobreTests" */ = {
			isa = XCConfigurationList;
			buildConfigurations = (
				59FAC8471AD69ACE00982271 /* Debug */,
				59FAC8481AD69ACE00982271 /* Release */,
			);
			defaultConfigurationIsVisible = 0;
			defaultConfigurationName = Release;
		};
/* End XCConfigurationList section */

/* Begin XCVersionGroup section */
		59FAC8491AD69B0D00982271 /* Model.xcdatamodeld */ = {
			isa = XCVersionGroup;
			children = (
				59FAC84A1AD69B0D00982271 /* Model.xcdatamodel */,
			);
			currentVersion = 59FAC84A1AD69B0D00982271 /* Model.xcdatamodel */;
			path = Model.xcdatamodeld;
			sourceTree = "<group>";
			versionGroupType = wrapper.xcdatamodel;
		};
/* End XCVersionGroup section */
	};
	rootObject = 59FAC81E1AD69ACE00982271 /* Project object */;
}
